
Microsoft Visual Studio Solution File, Format Version 12.00
# Visual Studio Version 17
VisualStudioVersion = 17.0.31903.59
MinimumVisualStudioVersion = 10.0.40219.1
Project("{2150E333-8FDC-42A3-9474-1A3956D46DE8}") = "src", "src", "{45D4902F-685C-47AF-BB93-11BC9913F0BD}"
EndProject
Project("{FAE04EC0-301F-11D3-BF4B-00C04F79EFBC}") = "StarRezApi", "src\StarRezApi\StarRezApi.csproj", "{F9121ECF-51A9-42E1-8EAD-61A97A145EF1}"
EndProject
Project("{2150E333-8FDC-42A3-9474-1A3956D46DE8}") = "tests", "tests", "{CA7D1BB0-7913-4393-BCF9-DDC8C4D57090}"
EndProject
Project("{FAE04EC0-301F-11D3-BF4B-00C04F79EFBC}") = "StarRezApi.Tests", "tests\StarRezApi.Tests\StarRezApi.Tests.csproj", "{9BC4619F-C2E4-4A8C-81C7-62275D45491A}"
EndProject
Global
	GlobalSection(SolutionConfigurationPlatforms) = preSolution
		Debug|Any CPU = Debug|Any CPU
		Release|Any CPU = Release|Any CPU
	EndGlobalSection
	GlobalSection(SolutionProperties) = preSolution
		HideSolutionNode = FALSE
	EndGlobalSection
	GlobalSection(ProjectConfigurationPlatforms) = postSolution
		{F9121ECF-51A9-42E1-8EAD-61A97A145EF1}.Debug|Any CPU.ActiveCfg = Debug|Any CPU
		{F9121ECF-51A9-42E1-8EAD-61A97A145EF1}.Debug|Any CPU.Build.0 = Debug|Any CPU
		{F9121ECF-51A9-42E1-8EAD-61A97A145EF1}.Release|Any CPU.ActiveCfg = Release|Any CPU
		{F9121ECF-51A9-42E1-8EAD-61A97A145EF1}.Release|Any CPU.Build.0 = Release|Any CPU
		{9BC4619F-C2E4-4A8C-81C7-62275D45491A}.Debug|Any CPU.ActiveCfg = Debug|Any CPU
		{9BC4619F-C2E4-4A8C-81C7-62275D45491A}.Debug|Any CPU.Build.0 = Debug|Any CPU
		{9BC4619F-C2E4-4A8C-81C7-62275D45491A}.Release|Any CPU.ActiveCfg = Release|Any CPU
		{9BC4619F-C2E4-4A8C-81C7-62275D45491A}.Release|Any CPU.Build.0 = Release|Any CPU
	EndGlobalSection
	GlobalSection(NestedProjects) = preSolution
		{F9121ECF-51A9-42E1-8EAD-61A97A145EF1} = {45D4902F-685C-47AF-BB93-11BC9913F0BD}
		{9BC4619F-C2E4-4A8C-81C7-62275D45491A} = {CA7D1BB0-7913-4393-BCF9-DDC8C4D57090}
	EndGlobalSection
EndGlobal
